
Microsoft Visual Studio Solution File, Format Version 12.00
# Visual Studio Version 16
VisualStudioVersion = 16.0.30517.126
MinimumVisualStudioVersion = 10.0.40219.1
Project("{FAE04EC0-301F-11D3-BF4B-00C04F79EFBC}") = "PongRoyale_client", "PongRoyale_client\PongRoyale_client.csproj", "{C49CD7A3-2856-446E-AFD4-77B75A877ECD}"
EndProject
Project("{9A19103F-16F7-4668-BE54-9A1E7A4F7556}") = "PongRoyale_shared", "..\PongRoyale_shared\PongRoyale_shared\PongRoyale_shared.csproj", "{33753F5F-04E4-401E-8F68-9F188A38FBF7}"
EndProject
Project("{FAE04EC0-301F-11D3-BF4B-00C04F79EFBC}") = "ClientUnitTestProject1", "ClientUnitTestProject1\ClientUnitTestProject1.csproj", "{A2235569-8222-4719-9B9C-56FB3C6BC50D}"
EndProject
Global
	GlobalSection(SolutionConfigurationPlatforms) = preSolution
		Debug|Any CPU = Debug|Any CPU
		Release|Any CPU = Release|Any CPU
	EndGlobalSection
	GlobalSection(ProjectConfigurationPlatforms) = postSolution
		{C49CD7A3-2856-446E-AFD4-77B75A877ECD}.Debug|Any CPU.ActiveCfg = Debug|Any CPU
		{C49CD7A3-2856-446E-AFD4-77B75A877ECD}.Debug|Any CPU.Build.0 = Debug|Any CPU
		{C49CD7A3-2856-446E-AFD4-77B75A877ECD}.Release|Any CPU.ActiveCfg = Release|Any CPU
		{C49CD7A3-2856-446E-AFD4-77B75A877ECD}.Release|Any CPU.Build.0 = Release|Any CPU
		{33753F5F-04E4-401E-8F68-9F188A38FBF7}.Debug|Any CPU.ActiveCfg = Debug|Any CPU
		{33753F5F-04E4-401E-8F68-9F188A38FBF7}.Debug|Any CPU.Build.0 = Debug|Any CPU
		{33753F5F-04E4-401E-8F68-9F188A38FBF7}.Release|Any CPU.ActiveCfg = Release|Any CPU
		{33753F5F-04E4-401E-8F68-9F188A38FBF7}.Release|Any CPU.Build.0 = Release|Any CPU
		{A2235569-8222-4719-9B9C-56FB3C6BC50D}.Debug|Any CPU.ActiveCfg = Debug|Any CPU
		{A2235569-8222-4719-9B9C-56FB3C6BC50D}.Debug|Any CPU.Build.0 = Debug|Any CPU
		{A2235569-8222-4719-9B9C-56FB3C6BC50D}.Release|Any CPU.ActiveCfg = Release|Any CPU
		{A2235569-8222-4719-9B9C-56FB3C6BC50D}.Release|Any CPU.Build.0 = Release|Any CPU
	EndGlobalSection
	GlobalSection(SolutionProperties) = preSolution
		HideSolutionNode = FALSE
	EndGlobalSection
	GlobalSection(ExtensibilityGlobals) = postSolution
		SolutionGuid = {498272F0-6E54-4F94-9099-690A2FC570EA}
	EndGlobalSection
EndGlobal
