
Microsoft Visual Studio Solution File, Format Version 12.00
# Visual Studio Version 16
VisualStudioVersion = 16.0.30517.126
MinimumVisualStudioVersion = 10.0.40219.1
Project("{9A19103F-16F7-4668-BE54-9A1E7A4F7556}") = "PongRoyale_server", "PongRoyale_server\PongRoyale_server.csproj", "{0FA6195B-5581-4A2F-9E27-D6A1F00827C0}"
EndProject
Project("{9A19103F-16F7-4668-BE54-9A1E7A4F7556}") = "PongRoyale_shared", "..\PongRoyale_shared\PongRoyale_shared\PongRoyale_shared.csproj", "{219BFDB9-AA06-4B8C-B284-D542787BA744}"
EndProject
Project("{9A19103F-16F7-4668-BE54-9A1E7A4F7556}") = "SharedUnitTests", "ServerUnitTests\SharedUnitTests.csproj", "{23D8EA7C-E3CB-47A2-A979-470E40A25D95}"
EndProject
Project("{FAE04EC0-301F-11D3-BF4B-00C04F79EFBC}") = "ServerUnitTest", "ClientUnitTest\ServerUnitTest.csproj", "{822CB194-CD09-4792-85C3-4219F47A906E}"
EndProject
Global
	GlobalSection(SolutionConfigurationPlatforms) = preSolution
		Debug|Any CPU = Debug|Any CPU
		Release|Any CPU = Release|Any CPU
	EndGlobalSection
	GlobalSection(ProjectConfigurationPlatforms) = postSolution
		{0FA6195B-5581-4A2F-9E27-D6A1F00827C0}.Debug|Any CPU.ActiveCfg = Debug|Any CPU
		{0FA6195B-5581-4A2F-9E27-D6A1F00827C0}.Debug|Any CPU.Build.0 = Debug|Any CPU
		{0FA6195B-5581-4A2F-9E27-D6A1F00827C0}.Release|Any CPU.ActiveCfg = Release|Any CPU
		{0FA6195B-5581-4A2F-9E27-D6A1F00827C0}.Release|Any CPU.Build.0 = Release|Any CPU
		{219BFDB9-AA06-4B8C-B284-D542787BA744}.Debug|Any CPU.ActiveCfg = Debug|Any CPU
		{219BFDB9-AA06-4B8C-B284-D542787BA744}.Debug|Any CPU.Build.0 = Debug|Any CPU
		{219BFDB9-AA06-4B8C-B284-D542787BA744}.Release|Any CPU.ActiveCfg = Release|Any CPU
		{219BFDB9-AA06-4B8C-B284-D542787BA744}.Release|Any CPU.Build.0 = Release|Any CPU
		{23D8EA7C-E3CB-47A2-A979-470E40A25D95}.Debug|Any CPU.ActiveCfg = Debug|Any CPU
		{23D8EA7C-E3CB-47A2-A979-470E40A25D95}.Debug|Any CPU.Build.0 = Debug|Any CPU
		{23D8EA7C-E3CB-47A2-A979-470E40A25D95}.Release|Any CPU.ActiveCfg = Release|Any CPU
		{23D8EA7C-E3CB-47A2-A979-470E40A25D95}.Release|Any CPU.Build.0 = Release|Any CPU
		{822CB194-CD09-4792-85C3-4219F47A906E}.Debug|Any CPU.ActiveCfg = Debug|Any CPU
		{822CB194-CD09-4792-85C3-4219F47A906E}.Debug|Any CPU.Build.0 = Debug|Any CPU
		{822CB194-CD09-4792-85C3-4219F47A906E}.Release|Any CPU.ActiveCfg = Release|Any CPU
		{822CB194-CD09-4792-85C3-4219F47A906E}.Release|Any CPU.Build.0 = Release|Any CPU
	EndGlobalSection
	GlobalSection(SolutionProperties) = preSolution
		HideSolutionNode = FALSE
	EndGlobalSection
	GlobalSection(ExtensibilityGlobals) = postSolution
		SolutionGuid = {B7CA61FC-77E9-4A3D-9396-EE6DE149BEFD}
	EndGlobalSection
EndGlobal
